
Microsoft Visual Studio Solution File, Format Version 12.00
# Visual Studio 15
VisualStudioVersion = 15.0.27004.2002
MinimumVisualStudioVersion = 10.0.40219.1
Project("{FAE04EC0-301F-11D3-BF4B-00C04F79EFBC}") = "SortingAlgorithms", "SortingAlgorithms\SortingAlgorithms.csproj", "{85F49910-8683-4DAF-B0C3-6DA7D7F9602F}"
EndProject
Global
	GlobalSection(SolutionConfigurationPlatforms) = preSolution
		Debug|Any CPU = Debug|Any CPU
		Release|Any CPU = Release|Any CPU
	EndGlobalSection
	GlobalSection(ProjectConfigurationPlatforms) = postSolution
		{85F49910-8683-4DAF-B0C3-6DA7D7F9602F}.Debug|Any CPU.ActiveCfg = Debug|Any CPU
		{85F49910-8683-4DAF-B0C3-6DA7D7F9602F}.Debug|Any CPU.Build.0 = Debug|Any CPU
		{85F49910-8683-4DAF-B0C3-6DA7D7F9602F}.Release|Any CPU.ActiveCfg = Release|Any CPU
		{85F49910-8683-4DAF-B0C3-6DA7D7F9602F}.Release|Any CPU.Build.0 = Release|Any CPU
	EndGlobalSection
	GlobalSection(SolutionProperties) = preSolution
		HideSolutionNode = FALSE
	EndGlobalSection
	GlobalSection(ExtensibilityGlobals) = postSolution
		SolutionGuid = {AE9C03E2-E05B-44CB-8519-E5780AC27096}
	EndGlobalSection
EndGlobal
